{
  "name": "knodex-web",
  "version": "0.7.0",
  "lockfileVersion": 3,
  "requires": true,
  "packages": {
    "": {
      "name": "knodex-web",
      "version": "0.7.0",
      "license": "AGPL-3.0-only",
      "dependencies": {
        "@hookform/resolvers": "^5.4.0",
        "@radix-ui/react-alert-dialog": "^1.1.15",
        "@radix-ui/react-dialog": "^1.1.15",
        "@radix-ui/react-dropdown-menu": "^2.1.16",
        "@radix-ui/react-popover": "^1.1.15",
        "@radix-ui/react-scroll-area": "^1.2.10",
        "@radix-ui/react-select": "^2.2.6",
        "@radix-ui/react-slot": "^1.2.4",
        "@radix-ui/react-tabs": "^1.1.13",
        "@radix-ui/react-tooltip": "^1.2.8",
        "@tanstack/react-query": "^5.100.14",
        "@xyflow/react": "^12.10.2",
        "axios": "^1.16.1",
        "class-variance-authority": "^0.7.1",
        "clsx": "^2.1.1",
        "cmdk": "^1.1.1",
        "js-yaml": "^4.1.1",
        "lucide-react": "^0.577.0",
        "react": "^19.2.6",
        "react-dom": "^19.2.6",
        "react-hook-form": "^7.76.0",
        "react-router-dom": "^7.15.1",
        "sonner": "^2.0.7",
        "tailwind-merge": "^3.6.0",
        "zod": "^4.4.3",
        "zustand": "^5.0.13"
      },
      "devDependencies": {
        "@axe-core/playwright": "^4.11.3",
        "@eslint/js": "^9.39.2",
        "@lhci/cli": "^0.15.1",
        "@playwright/test": "^1.60.0",
        "@tailwindcss/vite": "^4.3.0",
        "@testing-library/jest-dom": "^6.9.1",
        "@testing-library/react": "^16.3.2",
        "@testing-library/user-event": "^14.6.1",
        "@types/js-yaml": "^4.0.9",
        "@types/node": "^25.9.0",
        "@types/react": "^19.2.15",
        "@types/react-dom": "^19.2.3",
        "@vitejs/plugin-react": "^6.0.0",
        "@vitest/coverage-v8": "^4.1.6",
        "cross-env": "^10.1.0",
        "dotenv": "^17.4.2",
        "eslint": "^9.39.2",
        "eslint-plugin-jsx-a11y": "^6.10.2",
        "eslint-plugin-react-hooks": "^7.1.1",
        "eslint-plugin-react-refresh": "^0.5.2",
        "globals": "^17.6.0",
        "jose": "^6.2.3",
        "jsdom": "^29.1.1",
        "postcss": "^8.5.14",
        "prettier": "^3.8.3",
        "rollup-plugin-visualizer": "^7.0.1",
        "tailwindcss": "^4.1.18",
        "terser": "^5.47.1",
        "typescript": "~6.0.3",
        "typescript-eslint": "^8.59.3",
        "vite": "^8.0.16",
        "vite-plugin-compression2": "^2.5.3",
        "vitest": "^4.0.16"
      }
    },
    "node_modules/@adobe/css-tools": {
      "version": "4.5.0",
      "resolved": "https://registry.npmjs.org/@adobe/css-tools/-/css-tools-4.5.0.tgz",
      "integrity": "sha512-6OzddxPio9UiWTCemp4N8cYLV2ZN1ncRnV1cVGtve7dhPOtRkleRyx32GQCYSwDYgaHU3USMm84tNsvKzRCa1Q==",
      "dev": true,
      "license": "MIT"
    },
    "node_modules/@asamuzakjp/css-color": {
      "version": "5.1.11",
      "resolved": "https://registry.npmjs.org/@asamuzakjp/css-color/-/css-color-5.1.11.tgz",
      "integrity": "sha512-KVw6qIiCTUQhByfTd78h2yD1/00waTmm9uy/R7Ck/ctUyAPj+AEDLkQIdJW0T8+qGgj3j5bpNKK7Q3G+LedJWg==",
      "dev": true,
      "license": "MIT",
      "dependencies": {
        "@asamuzakjp/generational-cache": "^1.0.1",
        "@csstools/css-calc": "^3.2.0",
        "@csstools/css-color-parser": "^4.1.0",
        "@csstools/css-parser-algorithms": "^4.0.0",
        "@csstools/css-tokenizer": "^4.0.0"
      },
      "engines": {
        "node": "^20.19.0 || ^22.12.0 || >=24.0.0"
      }
    },
    "node_modules/@asamuzakjp/dom-selector": {
      "version": "7.1.1",
      "resolved": "https://registry.npmjs.org/@asamuzakjp/dom-selector/-/dom-selector-7.1.1.tgz",
      "integrity": "sha512-67RZDnYRc8H/8MLDgQCDE//zoqVFwajkepHZgmXrbwybzXOEwOWGPYGmALYl9J2DOLfFPPs6kKCqmbzV895hTQ==",
      "dev": true,
      "license": "MIT",
      "dependencies": {
        "@asamuzakjp/generational-cache": "^1.0.1",
        "@asamuzakjp/nwsapi": "^2.3.9",
        "bidi-js": "^1.0.3",
        "css-tree": "^3.2.1",
        "is-potential-custom-element-name": "^1.0.1"
      },
      "engines": {
        "node": "^20.19.0 || ^22.12.0 || >=24.0.0"
      }
    },
    "node_modules/@asamuzakjp/generational-cache": {
      "version": "1.0.1",
      "resolved": "https://registry.npmjs.org/@asamuzakjp/generational-cache/-/generational-cache-1.0.1.tgz",
      "integrity": "sha512-wajfB8KqzMCN2KGNFdLkReeHncd0AslUSrvHVvvYWuU8ghncRJoA50kT3zP9MVL0+9g4/67H+cdvBskj9THPzg==",
      "dev": true,
      "license": "MIT",
      "engines": {
        "node": "^20.19.0 || ^22.12.0 || >=24.0.0"
      }
    },
    "node_modules/@asamuzakjp/nwsapi": {
      "version": "2.3.9",
      "resolved": "https://registry.npmjs.org/@asamuzakjp/nwsapi/-/nwsapi-2.3.9.tgz",
      "integrity": "sha512-n8GuYSrI9bF7FFZ/SjhwevlHc8xaVlb/7HmHelnc/PZXBD2ZR49NnN9sMMuDdEGPeeRQ5d0hqlSlEpgCX3Wl0Q==",
      "dev": true,
      "license": "MIT"
    },
    "node_modules/@axe-core/playwright": {
      "version": "4.11.3",
      "resolved": "https://registry.npmjs.org/@axe-core/playwright/-/playwright-4.11.3.tgz",
      "integrity": "sha512-h/kfksv4F0cVIDlKpT4700OehdRgpvuVskuQ2nb7/JmtWUXpe9ftHAPtwyXGvVSsa6SJ64A9ER7Zrzc/sIvC4w==",
      "dev": true,
      "license": "MPL-2.0",
      "dependencies": {
        "axe-core": "~4.11.4"
      },
      "peerDependencies": {
        "playwright-core": ">= 1.0.0"
      }
    }}
}